<Solution>
  <Folder Name="/backend/">
    <Project Path="backend/ProjectHub.Domain/ProjectHub.Domain.csproj" />
    <Project Path="backend/ProjectHub.Services/ProjectHub.Services.csproj" />
    <Project Path="backend/ProjectHub.Persistence/ProjectHub.Persistence.csproj" />
    <Project Path="backend/ProjectHub.Api/ProjectHub.Api.csproj" />
  </Folder>
  <Folder Name="/tests/">
    <Project Path="backend/tests/ProjectHub.Tests/ProjectHub.Tests.csproj" />
  </Folder>
</Solution>
